# THIS IS AN AUTOGENERATED FILE. DO NOT EDIT THIS FILE DIRECTLY.
# yarn lockfile v1


cloc@^2.11.0:
  version "2.11.0"
  resolved "https://registry.yarnpkg.com/cloc/-/cloc-2.11.0.tgz#f6f965b80e48d78cf7f524a8ade1902d5bcbf923"
  integrity sha512-+mxuCHo7ESOQadlsyMjmPZ4hGBtvQzmNGHfLdBNvXKbnRhtmOTslU4XF2cyFSaOCHaaF26ba2CGjU6lpeIFB0w==
